speakeasyVersion: 1.788.0
sources:
    elevenlabs-go:
        sourceNamespace: elevenlabs-go
        sourceRevisionDigest: sha256:7c2e7d59a87ea899d51211ffd7e1f83742bf4a772c6504ab746727eaaba91479
        sourceBlobDigest: sha256:de40e867e59886cf6bcd570397f49906f5676a4fa2bb9d00917b881a14ad759e
        tags:
            - latest
            - "1.0"
targets:
    elevenlabs-go:
        source: elevenlabs-go
        sourceNamespace: elevenlabs-go
        sourceRevisionDigest: sha256:7c2e7d59a87ea899d51211ffd7e1f83742bf4a772c6504ab746727eaaba91479
        sourceBlobDigest: sha256:de40e867e59886cf6bcd570397f49906f5676a4fa2bb9d00917b881a14ad759e
        codeSamplesNamespace: elevenlabs-go-code-samples
        codeSamplesRevisionDigest: sha256:80653c504cfab24c299aaeff322905fc32848a2490abdea41f35f16cbe37df9f
workflow:
    workflowVersion: 1.0.0
    speakeasyVersion: latest
    sources:
        elevenlabs-go:
            inputs:
                - location: https://api.elevenlabs.io/openapi.json
            overlays:
                - location: overlay.yaml
            registry:
                location: registry.speakeasyapi.dev/kudos/elevenlabs-go/elevenlabs-go
    targets:
        elevenlabs-go:
            target: go
            source: elevenlabs-go
            codeSamples:
                registry:
                    location: registry.speakeasyapi.dev/kudos/elevenlabs-go/elevenlabs-go-code-samples
                labelOverride:
                    fixedValue: Go (SDK)
                blocking: false
