speakeasyVersion: 1.761.1
sources:
    elevenlabs-go:
        sourceNamespace: elevenlabs-go
        sourceRevisionDigest: sha256:30617f6bf9aec241e55fbfc58950d8713c6d5607ce3e06b7f488c3446716b955
        sourceBlobDigest: sha256:d993dfeee8226a8a7a412e67fe607c99fdecdc8661955880ceef26ac68ca6b84
        tags:
            - latest
            - "1.0"
targets:
    elevenlabs-go:
        source: elevenlabs-go
        sourceNamespace: elevenlabs-go
        sourceRevisionDigest: sha256:30617f6bf9aec241e55fbfc58950d8713c6d5607ce3e06b7f488c3446716b955
        sourceBlobDigest: sha256:d993dfeee8226a8a7a412e67fe607c99fdecdc8661955880ceef26ac68ca6b84
        codeSamplesNamespace: elevenlabs-go-code-samples
        codeSamplesRevisionDigest: sha256:e43123968a4e13e3095c0459bae1e9f928d50f8d06bae86144b0c1f940c0abf2
workflow:
    workflowVersion: 1.0.0
    speakeasyVersion: latest
    sources:
        elevenlabs-go:
            inputs:
                - location: https://api.elevenlabs.io/openapi.json
            overlays:
                - location: overlay.yaml
            registry:
                location: registry.speakeasyapi.dev/kudos/elevenlabs-go/elevenlabs-go
    targets:
        elevenlabs-go:
            target: go
            source: elevenlabs-go
            codeSamples:
                registry:
                    location: registry.speakeasyapi.dev/kudos/elevenlabs-go/elevenlabs-go-code-samples
                labelOverride:
                    fixedValue: Go (SDK)
                blocking: false
