speakeasyVersion: 1.761.1
sources:
    elevenlabs-go:
        sourceNamespace: elevenlabs-go
        sourceRevisionDigest: sha256:69a53b3260bda1da99b395875c32171fca9a8914ad89c45aa672e190454bea37
        sourceBlobDigest: sha256:c164bffe6ef84a7aaa94ddd4c17cf1baf8327692f3df917388c76263b965fdd5
        tags:
            - latest
            - "1.0"
targets:
    elevenlabs-go:
        source: elevenlabs-go
        sourceNamespace: elevenlabs-go
        sourceRevisionDigest: sha256:69a53b3260bda1da99b395875c32171fca9a8914ad89c45aa672e190454bea37
        sourceBlobDigest: sha256:c164bffe6ef84a7aaa94ddd4c17cf1baf8327692f3df917388c76263b965fdd5
        codeSamplesNamespace: elevenlabs-go-code-samples
        codeSamplesRevisionDigest: sha256:f1295ce6873c662c21a3543e69efdd138f24c7e60af0faadfab277e37e5c1aab
workflow:
    workflowVersion: 1.0.0
    speakeasyVersion: latest
    sources:
        elevenlabs-go:
            inputs:
                - location: https://api.elevenlabs.io/openapi.json
            overlays:
                - location: overlay.yaml
            registry:
                location: registry.speakeasyapi.dev/kudos/elevenlabs-go/elevenlabs-go
    targets:
        elevenlabs-go:
            target: go
            source: elevenlabs-go
            codeSamples:
                registry:
                    location: registry.speakeasyapi.dev/kudos/elevenlabs-go/elevenlabs-go-code-samples
                labelOverride:
                    fixedValue: Go (SDK)
                blocking: false
